{
  "name": "xelion-plugin",
  "version": "1.0.0",
  "lockfileVersion": 1,
  "requires": true,
  "dependencies": {
    "axios": {
      "version": "0.21.2",
      "resolved": "https://registry.npmjs.org/axios/-/axios-0.21.2.tgz",
      "integrity": "sha512-87otirqUw3e8CzHTMO+/9kh/FSgXt/eVDvipijwDtEuwbkySWZ9SBm6VEubmJ/kLKEoLQV/POhxXFb66bfekfg==",
      "requires": {
        "follow-redirects": "^1.14.0"
      }
    },
    "follow-redirects": {
      "version": "1.15.2",
      "resolved": "https://registry.npmjs.org/follow-redirects/-/follow-redirects-1.15.2.tgz",
      "integrity": "sha512-VQLG33o04KaQ8uYi2tVNbdrWp1QWxNNea+nmIB4EVM28v0hmP17z7aG1+wAkNzVq4KeXTq3221ye5qTJP91JwA=="
    },
    "tiny-cookie": {
      "version": "1.0.1",
      "resolved": "https://registry.npmjs.org/tiny-cookie/-/tiny-cookie-1.0.1.tgz",
      "integrity": "sha1-dTeGB5xkKjw9CyrMrWAPjeEZrCo="
    },
    "uikit": {
      "version": "3.0.0-rc.4",
      "resolved": "https://registry.npmjs.org/uikit/-/uikit-3.0.0-rc.4.tgz",
      "integrity": "sha512-kn5RnqHsqgVyfba9r2LgxJlastcZSMQT9MDb3OxQPQYzXPto9YraTZwyh3Kd01sieckRSSoVmmwMFtfjOa7uBA==",
      "dev": true
    },
    "vue-cookie": {
      "version": "1.1.4",
      "resolved": "https://registry.npmjs.org/vue-cookie/-/vue-cookie-1.1.4.tgz",
      "integrity": "sha1-uLRtESvan5Oi9HAXwu1SgtIGT9o=",
      "requires": {
        "tiny-cookie": "^1.0"
      }
    }
  }
}
