{
  "name": "xelion-plugin",
  "version": "1.0.0",
  "lockfileVersion": 1,
  "requires": true,
  "dependencies": {
    "axios": {
      "version": "0.19.1",
      "resolved": "https://registry.npmjs.org/axios/-/axios-0.19.1.tgz",
      "integrity": "sha512-Yl+7nfreYKaLRvAvjNPkvfjnQHJM1yLBY3zhqAwcJSwR/6ETkanUgylgtIvkvz0xJ+p/vZuNw8X7Hnb7Whsbpw==",
      "requires": {
        "follow-redirects": "1.5.10"
      }
    },
    "debug": {
      "version": "3.1.0",
      "resolved": "https://registry.npmjs.org/debug/-/debug-3.1.0.tgz",
      "integrity": "sha512-OX8XqP7/1a9cqkxYw2yXss15f26NKWBpDXQd0/uK/KPqdQhxbPa994hnzjcE2VqQpDslf55723cKPUOGSmMY3g==",
      "requires": {
        "ms": "2.0.0"
      }
    },
    "follow-redirects": {
      "version": "1.5.10",
      "resolved": "https://registry.npmjs.org/follow-redirects/-/follow-redirects-1.5.10.tgz",
      "integrity": "sha512-0V5l4Cizzvqt5D44aTXbFZz+FtyXV1vrDN6qrelxtfYQKW0KO0W2T/hkE8xvGa/540LkZlkaUjO4ailYTFtHVQ==",
      "requires": {
        "debug": "=3.1.0"
      }
    },
    "ms": {
      "version": "2.0.0",
      "resolved": "https://registry.npmjs.org/ms/-/ms-2.0.0.tgz",
      "integrity": "sha1-VgiurfwAvmwpAd9fmGF4jeDVl8g="
    },
    "tiny-cookie": {
      "version": "1.0.1",
      "resolved": "https://registry.npmjs.org/tiny-cookie/-/tiny-cookie-1.0.1.tgz",
      "integrity": "sha1-dTeGB5xkKjw9CyrMrWAPjeEZrCo="
    },
    "uikit": {
      "version": "3.0.0-rc.4",
      "resolved": "https://registry.npmjs.org/uikit/-/uikit-3.0.0-rc.4.tgz",
      "integrity": "sha512-kn5RnqHsqgVyfba9r2LgxJlastcZSMQT9MDb3OxQPQYzXPto9YraTZwyh3Kd01sieckRSSoVmmwMFtfjOa7uBA==",
      "dev": true
    },
    "vue-cookie": {
      "version": "1.1.4",
      "resolved": "https://registry.npmjs.org/vue-cookie/-/vue-cookie-1.1.4.tgz",
      "integrity": "sha1-uLRtESvan5Oi9HAXwu1SgtIGT9o=",
      "requires": {
        "tiny-cookie": "^1.0"
      }
    },
    "vue-cookies": {
      "version": "1.6.1",
      "resolved": "https://registry.npmjs.org/vue-cookies/-/vue-cookies-1.6.1.tgz",
      "integrity": "sha512-qyzhuq0x9xLEwniSXFoEsFErHgQ24jviB527IDul+8KrlxU9jdqrvVunRRBk4lPpxPgL0ywv8NxcD6MDWcTMug=="
    }
  }
}
